
Microsoft Visual Studio Solution File, Format Version 12.00
# Visual Studio Version 17
VisualStudioVersion = 17.14.36221.1 d17.14
MinimumVisualStudioVersion = 10.0.40219.1
Project("{FAE04EC0-301F-11D3-BF4B-00C04F79EFBC}") = "GetGitChange", "GetGitChange.csproj", "{9096FB7F-21D4-42D4-BE99-58FAF7662945}"
EndProject
Global
	GlobalSection(SolutionConfigurationPlatforms) = preSolution
		Debug|Any CPU = Debug|Any CPU
		Release|Any CPU = Release|Any CPU
	EndGlobalSection
	GlobalSection(ProjectConfigurationPlatforms) = postSolution
		{9096FB7F-21D4-42D4-BE99-58FAF7662945}.Debug|Any CPU.ActiveCfg = Debug|Any CPU
		{9096FB7F-21D4-42D4-BE99-58FAF7662945}.Debug|Any CPU.Build.0 = Debug|Any CPU
		{9096FB7F-21D4-42D4-BE99-58FAF7662945}.Release|Any CPU.ActiveCfg = Release|Any CPU
		{9096FB7F-21D4-42D4-BE99-58FAF7662945}.Release|Any CPU.Build.0 = Release|Any CPU
	EndGlobalSection
	GlobalSection(SolutionProperties) = preSolution
		HideSolutionNode = FALSE
	EndGlobalSection
	GlobalSection(ExtensibilityGlobals) = postSolution
		SolutionGuid = {7D7E0934-874C-47B6-B154-92EFE9C6A16E}
	EndGlobalSection
EndGlobal
